# THIS IS AN AUTOGENERATED FILE. DO NOT EDIT THIS FILE DIRECTLY.
# yarn lockfile v1


acorn@^5.0.0:
  version "5.1.1"
  resolved "https://registry.yarnpkg.com/acorn/-/acorn-5.1.1.tgz#53fe161111f912ab999ee887a90a0bc52822fd75"

amdefine@>=0.0.4:
  version "1.0.1"
  resolved "https://registry.yarnpkg.com/amdefine/-/amdefine-1.0.1.tgz#4a5282ac164729e93619bcfd3ad151f817ce91f5"

balanced-match@^1.0.0:
  version "1.0.0"
  resolved "https://registry.yarnpkg.com/balanced-match/-/balanced-match-1.0.0.tgz#89b4d199ab2bee49de164ea02b89ce462d71b767"

bl@^1.0.0:
  version "1.2.1"
  resolved "https://registry.yarnpkg.com/bl/-/bl-1.2.1.tgz#cac328f7bee45730d404b692203fcb590e172d5e"
  dependencies:
    readable-stream "^2.0.5"

brace-expansion@^1.1.7:
  version "1.1.8"
  resolved "https://registry.yarnpkg.com/brace-expansion/-/brace-expansion-1.1.8.tgz#c07b211c7c952ec1f8efd51a77ef0d1d3990a292"
  dependencies:
    balanced-match "^1.0.0"
    concat-map "0.0.1"

colors@~0.6.0-1:
  version "0.6.2"
  resolved "https://registry.yarnpkg.com/colors/-/colors-0.6.2.tgz#2423fe6678ac0c5dae8852e5d0e5be08c997abcc"

commander@~2.1.0:
  version "2.1.0"
  resolved "https://registry.yarnpkg.com/commander/-/commander-2.1.0.tgz#d121bbae860d9992a3d517ba96f56588e47c6781"

concat-map@0.0.1:
  version "0.0.1"
  resolved "https://registry.yarnpkg.com/concat-map/-/concat-map-0.0.1.tgz#d8a96bd77fd68df7793a73036a3ba0d5405d477b"

concat-stream@^1.5.2:
  version "1.6.0"
  resolved "https://registry.yarnpkg.com/concat-stream/-/concat-stream-1.6.0.tgz#0aac662fd52be78964d5532f694784e70110acf7"
  dependencies:
    inherits "^2.0.3"
    readable-stream "^2.2.2"
    typedarray "^0.0.6"

core-util-is@~1.0.0:
  version "1.0.2"
  resolved "https://registry.yarnpkg.com/core-util-is/-/core-util-is-1.0.2.tgz#b5fd54220aa2bc5ab57aab7140c940754503c1a7"

deep-equal@~1.0.1:
  version "1.0.1"
  resolved "https://registry.yarnpkg.com/deep-equal/-/deep-equal-1.0.1.tgz#f5d260292b660e084eff4cdbc9f08ad3247448b5"

deep-is@~0.1.3:
  version "0.1.3"
  resolved "https://registry.yarnpkg.com/deep-is/-/deep-is-0.1.3.tgz#b369d6fb5dbc13eecf524f91b070feedc357cf34"

define-properties@^1.1.2:
  version "1.1.2"
  resolved "https://registry.yarnpkg.com/define-properties/-/define-properties-1.1.2.tgz#83a73f2fea569898fb737193c8f873caf6d45c94"
  dependencies:
    foreach "^2.0.5"
    object-keys "^1.0.8"

defined@~1.0.0:
  version "1.0.0"
  resolved "https://registry.yarnpkg.com/defined/-/defined-1.0.0.tgz#c98d9bcef75674188e110969151199e39b1fa693"

duplexify@^3.4.5:
  version "3.5.0"
  resolved "https://registry.yarnpkg.com/duplexify/-/duplexify-3.5.0.tgz#1aa773002e1578457e9d9d4a50b0ccaaebcbd604"
  dependencies:
    end-of-stream "1.0.0"
    inherits "^2.0.1"
    readable-stream "^2.0.0"
    stream-shift "^1.0.0"

end-of-stream@1.0.0:
  version "1.0.0"
  resolved "https://registry.yarnpkg.com/end-of-stream/-/end-of-stream-1.0.0.tgz#d4596e702734a93e40e9af864319eabd99ff2f0e"
  dependencies:
    once "~1.3.0"

es-abstract@^1.5.0:
  version "1.7.0"
  resolved "https://registry.yarnpkg.com/es-abstract/-/es-abstract-1.7.0.tgz#dfade774e01bfcd97f96180298c449c8623fb94c"
  dependencies:
    es-to-primitive "^1.1.1"
    function-bind "^1.1.0"
    is-callable "^1.1.3"
    is-regex "^1.0.3"

es-to-primitive@^1.1.1:
  version "1.1.1"
  resolved "https://registry.yarnpkg.com/es-to-primitive/-/es-to-primitive-1.1.1.tgz#45355248a88979034b6792e19bb81f2b7975dd0d"
  dependencies:
    is-callable "^1.1.1"
    is-date-object "^1.0.1"
    is-symbol "^1.0.1"

escodegen@^1.8.1:
  version "1.8.1"
  resolved "https://registry.yarnpkg.com/escodegen/-/escodegen-1.8.1.tgz#5a5b53af4693110bebb0867aa3430dd3b70a1018"
  dependencies:
    esprima "^2.7.1"
    estraverse "^1.9.1"
    esutils "^2.0.2"
    optionator "^0.8.1"
  optionalDependencies:
    source-map "~0.2.0"

esprima@^2.7.1:
  version "2.7.3"
  resolved "https://registry.yarnpkg.com/esprima/-/esprima-2.7.3.tgz#96e3b70d5779f6ad49cd032673d1c312767ba581"

estraverse@^1.9.1:
  version "1.9.3"
  resolved "https://registry.yarnpkg.com/estraverse/-/estraverse-1.9.3.tgz#af67f2dc922582415950926091a4005d29c9bb44"

esutils@^2.0.2:
  version "2.0.2"
  resolved "https://registry.yarnpkg.com/esutils/-/esutils-2.0.2.tgz#0abf4f1caa5bcb1f7a9d8acc6dea4faaa04bac9b"

events@^1.0.2:
  version "1.1.1"
  resolved "https://registry.yarnpkg.com/events/-/events-1.1.1.tgz#9ebdb7635ad099c70dcc4c2a1f5004288e8bd924"

falafel@^2.0.0:
  version "2.1.0"
  resolved "https://registry.yarnpkg.com/falafel/-/falafel-2.1.0.tgz#96bb17761daba94f46d001738b3cedf3a67fe06c"
  dependencies:
    acorn "^5.0.0"
    foreach "^2.0.5"
    isarray "0.0.1"
    object-keys "^1.0.6"

fast-levenshtein@~2.0.4:
  version "2.0.6"
  resolved "https://registry.yarnpkg.com/fast-levenshtein/-/fast-levenshtein-2.0.6.tgz#3d8a5c66883a16a30ca8643e851f19baa7797917"

findup@^0.1.5:
  version "0.1.5"
  resolved "https://registry.yarnpkg.com/findup/-/findup-0.1.5.tgz#8ad929a3393bac627957a7e5de4623b06b0e2ceb"
  dependencies:
    colors "~0.6.0-1"
    commander "~2.1.0"

for-each@~0.3.2:
  version "0.3.2"
  resolved "https://registry.yarnpkg.com/for-each/-/for-each-0.3.2.tgz#2c40450b9348e97f281322593ba96704b9abd4d4"
  dependencies:
    is-function "~1.0.0"

foreach@^2.0.5:
  version "2.0.5"
  resolved "https://registry.yarnpkg.com/foreach/-/foreach-2.0.5.tgz#0bee005018aeb260d0a3af3ae658dd0136ec1b99"

from2@^2.3.0:
  version "2.3.0"
  resolved "https://registry.yarnpkg.com/from2/-/from2-2.3.0.tgz#8bfb5502bde4a4d36cfdeea007fcca21d7e382af"
  dependencies:
    inherits "^2.0.1"
    readable-stream "^2.0.0"

fs.realpath@^1.0.0:
  version "1.0.0"
  resolved "https://registry.yarnpkg.com/fs.realpath/-/fs.realpath-1.0.0.tgz#1504ad2523158caa40db4a2787cb01411994ea4f"

function-bind@^1.0.2, function-bind@^1.1.0, function-bind@~1.1.0:
  version "1.1.0"
  resolved "https://registry.yarnpkg.com/function-bind/-/function-bind-1.1.0.tgz#16176714c801798e4e8f2cf7f7529467bb4a5771"

glob@~7.1.2:
  version "7.1.2"
  resolved "https://registry.yarnpkg.com/glob/-/glob-7.1.2.tgz#c19c9df9a028702d678612384a6552404c636d15"
  dependencies:
    fs.realpath "^1.0.0"
    inflight "^1.0.4"
    inherits "2"
    minimatch "^3.0.4"
    once "^1.3.0"
    path-is-absolute "^1.0.0"

glsl-inject-defines@^1.0.1:
  version "1.0.3"
  resolved "https://registry.yarnpkg.com/glsl-inject-defines/-/glsl-inject-defines-1.0.3.tgz#dd1aacc2c17fcb2bd3fc32411c6633d0d7b60fd4"
  dependencies:
    glsl-token-inject-block "^1.0.0"
    glsl-token-string "^1.0.1"
    glsl-tokenizer "^2.0.2"

glsl-resolve@0.0.1:
  version "0.0.1"
  resolved "https://registry.yarnpkg.com/glsl-resolve/-/glsl-resolve-0.0.1.tgz#894bef73910d792c81b5143180035d0a78af76d3"
  dependencies:
    resolve "^0.6.1"
    xtend "^2.1.2"

glsl-token-assignments@^2.0.0:
  version "2.0.2"
  resolved "https://registry.yarnpkg.com/glsl-token-assignments/-/glsl-token-assignments-2.0.2.tgz#a5d82ab78499c2e8a6b83cb69495e6e665ce019f"

glsl-token-defines@^1.0.0:
  version "1.0.0"
  resolved "https://registry.yarnpkg.com/glsl-token-defines/-/glsl-token-defines-1.0.0.tgz#cb892aa959936231728470d4f74032489697fa9d"
  dependencies:
    glsl-tokenizer "^2.0.0"

glsl-token-depth@^1.1.0, glsl-token-depth@^1.1.1:
  version "1.1.2"
  resolved "https://registry.yarnpkg.com/glsl-token-depth/-/glsl-token-depth-1.1.2.tgz#23c5e30ee2bd255884b4a28bc850b8f791e95d84"

glsl-token-descope@^1.0.2:
  version "1.0.2"
  resolved "https://registry.yarnpkg.com/glsl-token-descope/-/glsl-token-descope-1.0.2.tgz#0fc90ab326186b82f597b2e77dc9e21efcd32076"
  dependencies:
    glsl-token-assignments "^2.0.0"
    glsl-token-depth "^1.1.0"
    glsl-token-properties "^1.0.0"
    glsl-token-scope "^1.1.0"

glsl-token-inject-block@^1.0.0:
  version "1.1.0"
  resolved "https://registry.yarnpkg.com/glsl-token-inject-block/-/glsl-token-inject-block-1.1.0.tgz#e1015f5980c1091824adaa2625f1dfde8bd00034"

glsl-token-properties@^1.0.0:
  version "1.0.1"
  resolved "https://registry.yarnpkg.com/glsl-token-properties/-/glsl-token-properties-1.0.1.tgz#483dc3d839f0d4b5c6171d1591f249be53c28a9e"

glsl-token-scope@^1.1.0, glsl-token-scope@^1.1.1:
  version "1.1.2"
  resolved "https://registry.yarnpkg.com/glsl-token-scope/-/glsl-token-scope-1.1.2.tgz#a1728e78df24444f9cb93fd18ef0f75503a643b1"

glsl-token-string@^1.0.1:
  version "1.0.1"
  resolved "https://registry.yarnpkg.com/glsl-token-string/-/glsl-token-string-1.0.1.tgz#59441d2f857de7c3449c945666021ece358e48ec"

glsl-token-whitespace-trim@^1.0.0:
  version "1.0.0"
  resolved "https://registry.yarnpkg.com/glsl-token-whitespace-trim/-/glsl-token-whitespace-trim-1.0.0.tgz#46d1dfe98c75bd7d504c05d7d11b1b3e9cc93b10"

glsl-tokenizer@^2.0.0, glsl-tokenizer@^2.0.2:
  version "2.1.2"
  resolved "https://registry.yarnpkg.com/glsl-tokenizer/-/glsl-tokenizer-2.1.2.tgz#720307522e03c57af35c00551950c4a70ef2dfb9"
  dependencies:
    through2 "^0.6.3"

glslify-bundle@^5.0.0:
  version "5.0.0"
  resolved "https://registry.yarnpkg.com/glslify-bundle/-/glslify-bundle-5.0.0.tgz#0252ada1ef9df30b660006e0bb21fd130b486e42"
  dependencies:
    glsl-inject-defines "^1.0.1"
    glsl-token-defines "^1.0.0"
    glsl-token-depth "^1.1.1"
    glsl-token-descope "^1.0.2"
    glsl-token-scope "^1.1.1"
    glsl-token-string "^1.0.1"
    glsl-token-whitespace-trim "^1.0.0"
    glsl-tokenizer "^2.0.2"
    murmurhash-js "^1.0.0"
    shallow-copy "0.0.1"

glslify-deps@^1.2.5:
  version "1.3.0"
  resolved "https://registry.yarnpkg.com/glslify-deps/-/glslify-deps-1.3.0.tgz#0b2234c8ea9e3d3fd7f6b3cb7f03ae59e6b51a59"
  dependencies:
    events "^1.0.2"
    findup "^0.1.5"
    glsl-resolve "0.0.1"
    glsl-tokenizer "^2.0.0"
    graceful-fs "^4.1.2"
    inherits "^2.0.1"
    map-limit "0.0.1"
    resolve "^1.0.0"

glslify@^6.1.0:
  version "6.1.0"
  resolved "https://registry.yarnpkg.com/glslify/-/glslify-6.1.0.tgz#cdffcfd2a6571722128d3d13356c136de6ce9742"
  dependencies:
    bl "^1.0.0"
    concat-stream "^1.5.2"
    duplexify "^3.4.5"
    falafel "^2.0.0"
    from2 "^2.3.0"
    glsl-resolve "0.0.1"
    glsl-token-whitespace-trim "^1.0.0"
    glslify-bundle "^5.0.0"
    glslify-deps "^1.2.5"
    minimist "^1.2.0"
    resolve "^1.1.5"
    stack-trace "0.0.9"
    static-eval "^1.1.1"
    tape "^4.6.0"
    through2 "^2.0.1"
    xtend "^4.0.0"

graceful-fs@^4.1.2:
  version "4.1.11"
  resolved "https://registry.yarnpkg.com/graceful-fs/-/graceful-fs-4.1.11.tgz#0e8bdfe4d1ddb8854d64e04ea7c00e2a026e5658"

has@^1.0.1, has@~1.0.1:
  version "1.0.1"
  resolved "https://registry.yarnpkg.com/has/-/has-1.0.1.tgz#8461733f538b0837c9361e39a9ab9e9704dc2f28"
  dependencies:
    function-bind "^1.0.2"

inflight@^1.0.4:
  version "1.0.6"
  resolved "https://registry.yarnpkg.com/inflight/-/inflight-1.0.6.tgz#49bd6331d7d02d0c09bc910a1075ba8165b56df9"
  dependencies:
    once "^1.3.0"
    wrappy "1"

inherits@2, inherits@^2.0.1, inherits@^2.0.3, inherits@~2.0.1, inherits@~2.0.3:
  version "2.0.3"
  resolved "https://registry.yarnpkg.com/inherits/-/inherits-2.0.3.tgz#633c2c83e3da42a502f52466022480f4208261de"

is-callable@^1.1.1, is-callable@^1.1.3:
  version "1.1.3"
  resolved "https://registry.yarnpkg.com/is-callable/-/is-callable-1.1.3.tgz#86eb75392805ddc33af71c92a0eedf74ee7604b2"

is-date-object@^1.0.1:
  version "1.0.1"
  resolved "https://registry.yarnpkg.com/is-date-object/-/is-date-object-1.0.1.tgz#9aa20eb6aeebbff77fbd33e74ca01b33581d3a16"

is-function@~1.0.0:
  version "1.0.1"
  resolved "https://registry.yarnpkg.com/is-function/-/is-function-1.0.1.tgz#12cfb98b65b57dd3d193a3121f5f6e2f437602b5"

is-regex@^1.0.3:
  version "1.0.4"
  resolved "https://registry.yarnpkg.com/is-regex/-/is-regex-1.0.4.tgz#5517489b547091b0930e095654ced25ee97e9491"
  dependencies:
    has "^1.0.1"

is-symbol@^1.0.1:
  version "1.0.1"
  resolved "https://registry.yarnpkg.com/is-symbol/-/is-symbol-1.0.1.tgz#3cc59f00025194b6ab2e38dbae6689256b660572"

isarray@0.0.1:
  version "0.0.1"
  resolved "https://registry.yarnpkg.com/isarray/-/isarray-0.0.1.tgz#8a18acfca9a8f4177e09abfc6038939b05d1eedf"

isarray@~1.0.0:
  version "1.0.0"
  resolved "https://registry.yarnpkg.com/isarray/-/isarray-1.0.0.tgz#bb935d48582cba168c06834957a54a3e07124f11"

levn@~0.3.0:
  version "0.3.0"
  resolved "https://registry.yarnpkg.com/levn/-/levn-0.3.0.tgz#3b09924edf9f083c0490fdd4c0bc4421e04764ee"
  dependencies:
    prelude-ls "~1.1.2"
    type-check "~0.3.2"

map-limit@0.0.1:
  version "0.0.1"
  resolved "https://registry.yarnpkg.com/map-limit/-/map-limit-0.0.1.tgz#eb7961031c0f0e8d001bf2d56fab685d58822f38"
  dependencies:
    once "~1.3.0"

minimatch@^3.0.4:
  version "3.0.4"
  resolved "https://registry.yarnpkg.com/minimatch/-/minimatch-3.0.4.tgz#5166e286457f03306064be5497e8dbb0c3d32083"
  dependencies:
    brace-expansion "^1.1.7"

minimist@^1.2.0, minimist@~1.2.0:
  version "1.2.0"
  resolved "https://registry.yarnpkg.com/minimist/-/minimist-1.2.0.tgz#a35008b20f41383eec1fb914f4cd5df79a264284"

murmurhash-js@^1.0.0:
  version "1.0.0"
  resolved "https://registry.yarnpkg.com/murmurhash-js/-/murmurhash-js-1.0.0.tgz#b06278e21fc6c37fa5313732b0412bcb6ae15f51"

object-inspect@~1.2.2:
  version "1.2.2"
  resolved "https://registry.yarnpkg.com/object-inspect/-/object-inspect-1.2.2.tgz#c82115e4fcc888aea14d64c22e4f17f6a70d5e5a"

object-keys@^1.0.6, object-keys@^1.0.8:
  version "1.0.11"
  resolved "https://registry.yarnpkg.com/object-keys/-/object-keys-1.0.11.tgz#c54601778ad560f1142ce0e01bcca8b56d13426d"

once@^1.3.0, once@~1.3.0:
  version "1.3.3"
  resolved "https://registry.yarnpkg.com/once/-/once-1.3.3.tgz#b2e261557ce4c314ec8304f3fa82663e4297ca20"
  dependencies:
    wrappy "1"

optionator@^0.8.1:
  version "0.8.2"
  resolved "https://registry.yarnpkg.com/optionator/-/optionator-0.8.2.tgz#364c5e409d3f4d6301d6c0b4c05bba50180aeb64"
  dependencies:
    deep-is "~0.1.3"
    fast-levenshtein "~2.0.4"
    levn "~0.3.0"
    prelude-ls "~1.1.2"
    type-check "~0.3.2"
    wordwrap "~1.0.0"

os-tmpdir@~1.0.1:
  version "1.0.2"
  resolved "https://registry.yarnpkg.com/os-tmpdir/-/os-tmpdir-1.0.2.tgz#bbe67406c79aa85c5cfec766fe5734555dfa1274"

path-is-absolute@^1.0.0:
  version "1.0.1"
  resolved "https://registry.yarnpkg.com/path-is-absolute/-/path-is-absolute-1.0.1.tgz#174b9268735534ffbc7ace6bf53a5a9e1b5c5f5f"

path-parse@^1.0.5:
  version "1.0.5"
  resolved "https://registry.yarnpkg.com/path-parse/-/path-parse-1.0.5.tgz#3c1adf871ea9cd6c9431b6ea2bd74a0ff055c4c1"

pify@^3.0.0:
  version "3.0.0"
  resolved "https://registry.yarnpkg.com/pify/-/pify-3.0.0.tgz#e5a4acd2c101fdf3d9a4d07f0dbc4db49dd28176"

prelude-ls@~1.1.2:
  version "1.1.2"
  resolved "https://registry.yarnpkg.com/prelude-ls/-/prelude-ls-1.1.2.tgz#21932a549f5e52ffd9a827f570e04be62a97da54"

process-nextick-args@~1.0.6:
  version "1.0.7"
  resolved "https://registry.yarnpkg.com/process-nextick-args/-/process-nextick-args-1.0.7.tgz#150e20b756590ad3f91093f25a4f2ad8bff30ba3"

"readable-stream@>=1.0.33-1 <1.1.0-0":
  version "1.0.34"
  resolved "https://registry.yarnpkg.com/readable-stream/-/readable-stream-1.0.34.tgz#125820e34bc842d2f2aaafafe4c2916ee32c157c"
  dependencies:
    core-util-is "~1.0.0"
    inherits "~2.0.1"
    isarray "0.0.1"
    string_decoder "~0.10.x"

readable-stream@^2.0.0, readable-stream@^2.0.5, readable-stream@^2.1.5, readable-stream@^2.2.2:
  version "2.3.3"
  resolved "https://registry.yarnpkg.com/readable-stream/-/readable-stream-2.3.3.tgz#368f2512d79f9d46fdfc71349ae7878bbc1eb95c"
  dependencies:
    core-util-is "~1.0.0"
    inherits "~2.0.3"
    isarray "~1.0.0"
    process-nextick-args "~1.0.6"
    safe-buffer "~5.1.1"
    string_decoder "~1.0.3"
    util-deprecate "~1.0.1"

resolve@^0.6.1:
  version "0.6.3"
  resolved "https://registry.yarnpkg.com/resolve/-/resolve-0.6.3.tgz#dd957982e7e736debdf53b58a4dd91754575dd46"

resolve@^1.0.0, resolve@^1.1.5, resolve@~1.3.3:
  version "1.3.3"
  resolved "https://registry.yarnpkg.com/resolve/-/resolve-1.3.3.tgz#655907c3469a8680dc2de3a275a8fdd69691f0e5"
  dependencies:
    path-parse "^1.0.5"

resumer@~0.0.0:
  version "0.0.0"
  resolved "https://registry.yarnpkg.com/resumer/-/resumer-0.0.0.tgz#f1e8f461e4064ba39e82af3cdc2a8c893d076759"
  dependencies:
    through "~2.3.4"

safe-buffer@~5.1.0, safe-buffer@~5.1.1:
  version "5.1.1"
  resolved "https://registry.yarnpkg.com/safe-buffer/-/safe-buffer-5.1.1.tgz#893312af69b2123def71f57889001671eeb2c853"

shallow-copy@0.0.1:
  version "0.0.1"
  resolved "https://registry.yarnpkg.com/shallow-copy/-/shallow-copy-0.0.1.tgz#415f42702d73d810330292cc5ee86eae1a11a170"

source-map@~0.2.0:
  version "0.2.0"
  resolved "https://registry.yarnpkg.com/source-map/-/source-map-0.2.0.tgz#dab73fbcfc2ba819b4de03bd6f6eaa48164b3f9d"
  dependencies:
    amdefine ">=0.0.4"

stack-trace@0.0.9:
  version "0.0.9"
  resolved "https://registry.yarnpkg.com/stack-trace/-/stack-trace-0.0.9.tgz#a8f6eaeca90674c333e7c43953f275b451510695"

static-eval@^1.1.1:
  version "1.1.1"
  resolved "https://registry.yarnpkg.com/static-eval/-/static-eval-1.1.1.tgz#ca8130210354cf13d9a722bc7e923778457bb192"
  dependencies:
    escodegen "^1.8.1"

stream-shift@^1.0.0:
  version "1.0.0"
  resolved "https://registry.yarnpkg.com/stream-shift/-/stream-shift-1.0.0.tgz#d5c752825e5367e786f78e18e445ea223a155952"

string.prototype.trim@~1.1.2:
  version "1.1.2"
  resolved "https://registry.yarnpkg.com/string.prototype.trim/-/string.prototype.trim-1.1.2.tgz#d04de2c89e137f4d7d206f086b5ed2fae6be8cea"
  dependencies:
    define-properties "^1.1.2"
    es-abstract "^1.5.0"
    function-bind "^1.0.2"

string_decoder@~0.10.x:
  version "0.10.31"
  resolved "https://registry.yarnpkg.com/string_decoder/-/string_decoder-0.10.31.tgz#62e203bc41766c6c28c9fc84301dab1c5310fa94"

string_decoder@~1.0.3:
  version "1.0.3"
  resolved "https://registry.yarnpkg.com/string_decoder/-/string_decoder-1.0.3.tgz#0fc67d7c141825de94282dd536bec6b9bce860ab"
  dependencies:
    safe-buffer "~5.1.0"

tape@^4.6.0:
  version "4.7.0"
  resolved "https://registry.yarnpkg.com/tape/-/tape-4.7.0.tgz#f3ebb214fef3d6907e5a57dbaafe3bd8a7cbed88"
  dependencies:
    deep-equal "~1.0.1"
    defined "~1.0.0"
    for-each "~0.3.2"
    function-bind "~1.1.0"
    glob "~7.1.2"
    has "~1.0.1"
    inherits "~2.0.3"
    minimist "~1.2.0"
    object-inspect "~1.2.2"
    resolve "~1.3.3"
    resumer "~0.0.0"
    string.prototype.trim "~1.1.2"
    through "~2.3.8"

three@^0.86.0:
  version "0.86.0"
  resolved "https://registry.yarnpkg.com/three/-/three-0.86.0.tgz#1c33e476a1537e9a8a18f5792d024b1046cd2000"

through2@^0.6.3:
  version "0.6.5"
  resolved "https://registry.yarnpkg.com/through2/-/through2-0.6.5.tgz#41ab9c67b29d57209071410e1d7a7a968cd3ad48"
  dependencies:
    readable-stream ">=1.0.33-1 <1.1.0-0"
    xtend ">=4.0.0 <4.1.0-0"

through2@^2.0.1:
  version "2.0.3"
  resolved "https://registry.yarnpkg.com/through2/-/through2-2.0.3.tgz#0004569b37c7c74ba39c43f3ced78d1ad94140be"
  dependencies:
    readable-stream "^2.1.5"
    xtend "~4.0.1"

through@~2.3.4, through@~2.3.8:
  version "2.3.8"
  resolved "https://registry.yarnpkg.com/through/-/through-2.3.8.tgz#0dd4c9ffaabc357960b1b724115d7e0e86a2e1f5"

tmp@^0.0.31:
  version "0.0.31"
  resolved "https://registry.yarnpkg.com/tmp/-/tmp-0.0.31.tgz#8f38ab9438e17315e5dbd8b3657e8bfb277ae4a7"
  dependencies:
    os-tmpdir "~1.0.1"

type-check@~0.3.2:
  version "0.3.2"
  resolved "https://registry.yarnpkg.com/type-check/-/type-check-0.3.2.tgz#5884cab512cf1d355e3fb784f30804b2b520db72"
  dependencies:
    prelude-ls "~1.1.2"

typedarray@^0.0.6:
  version "0.0.6"
  resolved "https://registry.yarnpkg.com/typedarray/-/typedarray-0.0.6.tgz#867ac74e3864187b1d3d47d996a78ec5c8830777"

util-deprecate@~1.0.1:
  version "1.0.2"
  resolved "https://registry.yarnpkg.com/util-deprecate/-/util-deprecate-1.0.2.tgz#450d4dc9fa70de732762fbd2d4a28981419a0ccf"

wordwrap@~1.0.0:
  version "1.0.0"
  resolved "https://registry.yarnpkg.com/wordwrap/-/wordwrap-1.0.0.tgz#27584810891456a4171c8d0226441ade90cbcaeb"

wrappy@1:
  version "1.0.2"
  resolved "https://registry.yarnpkg.com/wrappy/-/wrappy-1.0.2.tgz#b5243d8f3ec1aa35f1364605bc0d1036e30ab69f"

"xtend@>=4.0.0 <4.1.0-0", xtend@^4.0.0, xtend@~4.0.1:
  version "4.0.1"
  resolved "https://registry.yarnpkg.com/xtend/-/xtend-4.0.1.tgz#a5c6d532be656e23db820efb943a1f04998d63af"

xtend@^2.1.2:
  version "2.2.0"
  resolved "https://registry.yarnpkg.com/xtend/-/xtend-2.2.0.tgz#eef6b1f198c1c8deafad8b1765a04dad4a01c5a9"
